
Microsoft Visual Studio Solution File, Format Version 12.00
# Visual Studio Version 17
VisualStudioVersion = 17.0.31903.59
MinimumVisualStudioVersion = 10.0.40219.1
Project("{FAE04EC0-301F-11D3-BF4B-00C04F79EFBC}") = "CoreFinance.Api", "CoreFinance\CoreFinance.Api\CoreFinance.Api.csproj", "{9B62ADDD-7ED5-4833-ACE1-5FC9FAAC5EA7}"
EndProject
Project("{FAE04EC0-301F-11D3-BF4B-00C04F79EFBC}") = "CoreFinance.Domain", "CoreFinance\CoreFinance.Domain\CoreFinance.Domain.csproj", "{B32C493A-6964-478E-9A81-A5E4159C3DFA}"
EndProject
Project("{FAE04EC0-301F-11D3-BF4B-00C04F79EFBC}") = "CoreFinance.Application", "CoreFinance\CoreFinance.Application\CoreFinance.Application.csproj", "{EAD105DF-FAFA-45BD-A050-74FC6F22A2AF}"
EndProject
Project("{FAE04EC0-301F-11D3-BF4B-00C04F79EFBC}") = "CoreFinance.Infrastructure", "CoreFinance\CoreFinance.Infrastructure\CoreFinance.Infrastructure.csproj", "{D07E1492-EF5D-436A-AFD0-3A6220EA7955}"
EndProject
Project("{FAE04EC0-301F-11D3-BF4B-00C04F79EFBC}") = "CoreFinance.Tests", "CoreFinance\CoreFinance.Tests\CoreFinance.Tests.csproj", "{8E1A4D39-7374-4F20-A90F-AB0834455865}"
EndProject
Project("{FAE04EC0-301F-11D3-BF4B-00C04F79EFBC}") = "CoreFinance.Application.Tests", "CoreFinance\CoreFinance.Application.Tests\CoreFinance.Application.Tests.csproj", "{5E08CA28-6AFF-4F2A-B851-34B4B94F3C14}"
EndProject
Project("{FAE04EC0-301F-11D3-BF4B-00C04F79EFBC}") = "CoreFinance.Contracts", "CoreFinance\CoreFinance.Contracts\CoreFinance.Contracts.csproj", "{A28251D2-FCD0-4D31-A695-A2EA4E26F4DB}"
EndProject
Project("{2150E333-8FDC-42A3-9474-1A3956D46DE8}") = "Infras", "Infras", "{F464CE6E-B745-428F-8A8C-C6B553272D5F}"
	ProjectSection(SolutionItems) = preProject
		docker-compose.yml = docker-compose.yml
	EndProjectSection
EndProject
Project("{2150E333-8FDC-42A3-9474-1A3956D46DE8}") = "CoreFinance", "CoreFinance", "{02EA681E-C7D8-13C7-8484-4AC65E1B71E8}"
EndProject
Project("{2150E333-8FDC-42A3-9474-1A3956D46DE8}") = "MoneyManagement", "MoneyManagement", "{561496CC-8045-43C0-BC28-37C12F329F1A}"
EndProject
Project("{FAE04EC0-301F-11D3-BF4B-00C04F79EFBC}") = "MoneyManagement.Api", "MoneyManagement\MoneyManagement.Api\MoneyManagement.Api.csproj", "{76067D03-F3A1-8974-C1F0-9E956DA6C727}"
EndProject
Project("{FAE04EC0-301F-11D3-BF4B-00C04F79EFBC}") = "MoneyManagement.Application", "MoneyManagement\MoneyManagement.Application\MoneyManagement.Application.csproj", "{C0082808-04B4-67FA-F633-C011C5E53664}"
EndProject
Project("{FAE04EC0-301F-11D3-BF4B-00C04F79EFBC}") = "MoneyManagement.Application.Tests", "MoneyManagement\MoneyManagement.Application.Tests\MoneyManagement.Application.Tests.csproj", "{19A1BF98-D3B9-D039-C4FE-A5E446A8B166}"
EndProject
Project("{FAE04EC0-301F-11D3-BF4B-00C04F79EFBC}") = "MoneyManagement.Contracts", "MoneyManagement\MoneyManagement.Contracts\MoneyManagement.Contracts.csproj", "{280E8E56-3586-6983-5E73-2E6CA6118515}"
EndProject
Project("{FAE04EC0-301F-11D3-BF4B-00C04F79EFBC}") = "MoneyManagement.Domain", "MoneyManagement\MoneyManagement.Domain\MoneyManagement.Domain.csproj", "{B4CAF356-C543-E16D-832D-743EECCC72A0}"
EndProject
Project("{FAE04EC0-301F-11D3-BF4B-00C04F79EFBC}") = "MoneyManagement.Infrastructure", "MoneyManagement\MoneyManagement.Infrastructure\MoneyManagement.Infrastructure.csproj", "{2DE2A474-D099-1D0B-C027-408CB1DB7BB0}"
EndProject
Project("{FAE04EC0-301F-11D3-BF4B-00C04F79EFBC}") = "PlanningInvestment.Api", "PlanningInvestment\PlanningInvestment.Api\PlanningInvestment.Api.csproj", "{422A8D8B-14EF-323E-B445-947EC2E0C523}"
EndProject
Project("{2150E333-8FDC-42A3-9474-1A3956D46DE8}") = "PlanningInvestment", "PlanningInvestment", "{9DD92C5F-4D4C-46F5-B750-FB7784F59D33}"
EndProject
Project("{FAE04EC0-301F-11D3-BF4B-00C04F79EFBC}") = "PlanningInvestment.Application", "PlanningInvestment\PlanningInvestment.Application\PlanningInvestment.Application.csproj", "{F4D05BF8-FF8E-A163-39BC-0546C7C66B51}"
EndProject
Project("{FAE04EC0-301F-11D3-BF4B-00C04F79EFBC}") = "PlanningInvestment.Application.Tests", "PlanningInvestment\PlanningInvestment.Application.Tests\PlanningInvestment.Application.Tests.csproj", "{91348847-C785-77C7-1555-31922D0B5DE0}"
EndProject
Project("{FAE04EC0-301F-11D3-BF4B-00C04F79EFBC}") = "PlanningInvestment.Domain", "PlanningInvestment\PlanningInvestment.Domain\PlanningInvestment.Domain.csproj", "{F61EB421-F582-0052-81D8-9040EDCE40B0}"
EndProject
Project("{FAE04EC0-301F-11D3-BF4B-00C04F79EFBC}") = "PlanningInvestment.Infrastructure", "PlanningInvestment\PlanningInvestment.Infrastructure\PlanningInvestment.Infrastructure.csproj", "{0CB29C56-21D8-E674-AF85-45009004334B}"
EndProject
Project("{2150E333-8FDC-42A3-9474-1A3956D46DE8}") = "ExcelApi", "ExcelApi", "{8E2A4D8F-B745-428F-8A8C-C6B553272D5F}"
EndProject
Project("{FAE04EC0-301F-11D3-BF4B-00C04F79EFBC}") = "ExcelApi", "ExcelApi\ExcelApi.csproj", "{64D3F8BB-1386-454C-98AF-8A1F2AEA52B5}"
EndProject
Project("{FAE04EC0-301F-11D3-BF4B-00C04F79EFBC}") = "Ocelot.Gateway", "Ocelot.Gateway\Ocelot.Gateway.csproj", "{A24B0E03-7AC6-4870-9812-661EA4247748}"
EndProject
Project("{2150E333-8FDC-42A3-9474-1A3956D46DE8}") = "Identity", "Identity", "{2BD1886B-BB69-4018-87B7-A1CE04052956}"
EndProject
Project("{FAE04EC0-301F-11D3-BF4B-00C04F79EFBC}") = "Identity.Application", "Identity\Identity.Application\Identity.Application.csproj", "{B21741CF-6A1E-F9AE-14C5-71C93D981947}"
EndProject
Project("{FAE04EC0-301F-11D3-BF4B-00C04F79EFBC}") = "Identity.Application.Tests", "Identity\Identity.Application.Tests\Identity.Application.Tests.csproj", "{B469420E-2F6D-D91C-5021-2A96E33E638E}"
EndProject
Project("{FAE04EC0-301F-11D3-BF4B-00C04F79EFBC}") = "Identity.Contracts", "Identity\Identity.Contracts\Identity.Contracts.csproj", "{094F9423-595D-5189-0923-9017F2723250}"
EndProject
Project("{FAE04EC0-301F-11D3-BF4B-00C04F79EFBC}") = "Identity.Domain", "Identity\Identity.Domain\Identity.Domain.csproj", "{FF355B36-4662-96AC-95AD-1708C9469020}"
EndProject
Project("{FAE04EC0-301F-11D3-BF4B-00C04F79EFBC}") = "Identity.Infrastructure", "Identity\Identity.Infrastructure\Identity.Infrastructure.csproj", "{6F7EFFC0-DDEE-38D7-E4A7-E0FC4D15B850}"
EndProject
Project("{FAE04EC0-301F-11D3-BF4B-00C04F79EFBC}") = "Identity.Api", "Identity\Identity.Api\Identity.Api.csproj", "{8C4B1525-74B7-3F86-09A5-2C8D1B5CB7A3}"
EndProject
Project("{2150E333-8FDC-42A3-9474-1A3956D46DE8}") = "Shared", "Shared", "{1FD2E9CA-FC19-4B78-987D-BF47E07DEA14}"
EndProject
Project("{D954291E-2A0B-460D-934E-DC6B0785DB48}") = "Shared.Contracts", "Shared\Shared.Contracts\Shared.Contracts.shproj", "{AA71F6EB-F315-450B-816E-4F4FAD3AEC1F}"
EndProject
Project("{D954291E-2A0B-460D-934E-DC6B0785DB48}") = "Shared.EntityFramework", "Shared.EntityFramework\Shared.EntityFramework.shproj", "{17BB1DF9-1A3C-471B-A2BE-B4D77F6507DB}"
EndProject
Project("{2150E333-8FDC-42A3-9474-1A3956D46DE8}") = "Solution Items", "Solution Items", "{8EC462FD-D22E-90A8-E5CE-7E832BA40C5D}"
	ProjectSection(SolutionItems) = preProject
		.mcp.json = .mcp.json
	EndProjectSection
EndProject
Global
	GlobalSection(SolutionConfigurationPlatforms) = preSolution
		Debug|Any CPU = Debug|Any CPU
		Debug|x64 = Debug|x64
		Debug|x86 = Debug|x86
		Release|Any CPU = Release|Any CPU
		Release|x64 = Release|x64
		Release|x86 = Release|x86
	EndGlobalSection
	GlobalSection(ProjectConfigurationPlatforms) = postSolution
		{9B62ADDD-7ED5-4833-ACE1-5FC9FAAC5EA7}.Debug|Any CPU.ActiveCfg = Debug|Any CPU
		{9B62ADDD-7ED5-4833-ACE1-5FC9FAAC5EA7}.Debug|Any CPU.Build.0 = Debug|Any CPU
		{9B62ADDD-7ED5-4833-ACE1-5FC9FAAC5EA7}.Debug|x64.ActiveCfg = Debug|Any CPU
		{9B62ADDD-7ED5-4833-ACE1-5FC9FAAC5EA7}.Debug|x64.Build.0 = Debug|Any CPU
		{9B62ADDD-7ED5-4833-ACE1-5FC9FAAC5EA7}.Debug|x86.ActiveCfg = Debug|Any CPU
		{9B62ADDD-7ED5-4833-ACE1-5FC9FAAC5EA7}.Debug|x86.Build.0 = Debug|Any CPU
		{9B62ADDD-7ED5-4833-ACE1-5FC9FAAC5EA7}.Release|Any CPU.ActiveCfg = Release|Any CPU
		{9B62ADDD-7ED5-4833-ACE1-5FC9FAAC5EA7}.Release|Any CPU.Build.0 = Release|Any CPU
		{9B62ADDD-7ED5-4833-ACE1-5FC9FAAC5EA7}.Release|x64.ActiveCfg = Release|Any CPU
		{9B62ADDD-7ED5-4833-ACE1-5FC9FAAC5EA7}.Release|x64.Build.0 = Release|Any CPU
		{9B62ADDD-7ED5-4833-ACE1-5FC9FAAC5EA7}.Release|x86.ActiveCfg = Release|Any CPU
		{9B62ADDD-7ED5-4833-ACE1-5FC9FAAC5EA7}.Release|x86.Build.0 = Release|Any CPU
		{B32C493A-6964-478E-9A81-A5E4159C3DFA}.Debug|Any CPU.ActiveCfg = Debug|Any CPU
		{B32C493A-6964-478E-9A81-A5E4159C3DFA}.Debug|Any CPU.Build.0 = Debug|Any CPU
		{B32C493A-6964-478E-9A81-A5E4159C3DFA}.Debug|x64.ActiveCfg = Debug|Any CPU
		{B32C493A-6964-478E-9A81-A5E4159C3DFA}.Debug|x64.Build.0 = Debug|Any CPU
		{B32C493A-6964-478E-9A81-A5E4159C3DFA}.Debug|x86.ActiveCfg = Debug|Any CPU
		{B32C493A-6964-478E-9A81-A5E4159C3DFA}.Debug|x86.Build.0 = Debug|Any CPU
		{B32C493A-6964-478E-9A81-A5E4159C3DFA}.Release|Any CPU.ActiveCfg = Release|Any CPU
		{B32C493A-6964-478E-9A81-A5E4159C3DFA}.Release|Any CPU.Build.0 = Release|Any CPU
		{B32C493A-6964-478E-9A81-A5E4159C3DFA}.Release|x64.ActiveCfg = Release|Any CPU
		{B32C493A-6964-478E-9A81-A5E4159C3DFA}.Release|x64.Build.0 = Release|Any CPU
		{B32C493A-6964-478E-9A81-A5E4159C3DFA}.Release|x86.ActiveCfg = Release|Any CPU
		{B32C493A-6964-478E-9A81-A5E4159C3DFA}.Release|x86.Build.0 = Release|Any CPU
		{EAD105DF-FAFA-45BD-A050-74FC6F22A2AF}.Debug|Any CPU.ActiveCfg = Debug|Any CPU
		{EAD105DF-FAFA-45BD-A050-74FC6F22A2AF}.Debug|Any CPU.Build.0 = Debug|Any CPU
		{EAD105DF-FAFA-45BD-A050-74FC6F22A2AF}.Debug|x64.ActiveCfg = Debug|Any CPU
		{EAD105DF-FAFA-45BD-A050-74FC6F22A2AF}.Debug|x64.Build.0 = Debug|Any CPU
		{EAD105DF-FAFA-45BD-A050-74FC6F22A2AF}.Debug|x86.ActiveCfg = Debug|Any CPU
		{EAD105DF-FAFA-45BD-A050-74FC6F22A2AF}.Debug|x86.Build.0 = Debug|Any CPU
		{EAD105DF-FAFA-45BD-A050-74FC6F22A2AF}.Release|Any CPU.ActiveCfg = Release|Any CPU
		{EAD105DF-FAFA-45BD-A050-74FC6F22A2AF}.Release|Any CPU.Build.0 = Release|Any CPU
		{EAD105DF-FAFA-45BD-A050-74FC6F22A2AF}.Release|x64.ActiveCfg = Release|Any CPU
		{EAD105DF-FAFA-45BD-A050-74FC6F22A2AF}.Release|x64.Build.0 = Release|Any CPU
		{EAD105DF-FAFA-45BD-A050-74FC6F22A2AF}.Release|x86.ActiveCfg = Release|Any CPU
		{EAD105DF-FAFA-45BD-A050-74FC6F22A2AF}.Release|x86.Build.0 = Release|Any CPU
		{D07E1492-EF5D-436A-AFD0-3A6220EA7955}.Debug|Any CPU.ActiveCfg = Debug|Any CPU
		{D07E1492-EF5D-436A-AFD0-3A6220EA7955}.Debug|Any CPU.Build.0 = Debug|Any CPU
		{D07E1492-EF5D-436A-AFD0-3A6220EA7955}.Debug|x64.ActiveCfg = Debug|Any CPU
		{D07E1492-EF5D-436A-AFD0-3A6220EA7955}.Debug|x64.Build.0 = Debug|Any CPU
		{D07E1492-EF5D-436A-AFD0-3A6220EA7955}.Debug|x86.ActiveCfg = Debug|Any CPU
		{D07E1492-EF5D-436A-AFD0-3A6220EA7955}.Debug|x86.Build.0 = Debug|Any CPU
		{D07E1492-EF5D-436A-AFD0-3A6220EA7955}.Release|Any CPU.ActiveCfg = Release|Any CPU
		{D07E1492-EF5D-436A-AFD0-3A6220EA7955}.Release|Any CPU.Build.0 = Release|Any CPU
		{D07E1492-EF5D-436A-AFD0-3A6220EA7955}.Release|x64.ActiveCfg = Release|Any CPU
		{D07E1492-EF5D-436A-AFD0-3A6220EA7955}.Release|x64.Build.0 = Release|Any CPU
		{D07E1492-EF5D-436A-AFD0-3A6220EA7955}.Release|x86.ActiveCfg = Release|Any CPU
		{D07E1492-EF5D-436A-AFD0-3A6220EA7955}.Release|x86.Build.0 = Release|Any CPU
		{8E1A4D39-7374-4F20-A90F-AB0834455865}.Debug|Any CPU.ActiveCfg = Debug|Any CPU
		{8E1A4D39-7374-4F20-A90F-AB0834455865}.Debug|Any CPU.Build.0 = Debug|Any CPU
		{8E1A4D39-7374-4F20-A90F-AB0834455865}.Debug|x64.ActiveCfg = Debug|Any CPU
		{8E1A4D39-7374-4F20-A90F-AB0834455865}.Debug|x64.Build.0 = Debug|Any CPU
		{8E1A4D39-7374-4F20-A90F-AB0834455865}.Debug|x86.ActiveCfg = Debug|Any CPU
		{8E1A4D39-7374-4F20-A90F-AB0834455865}.Debug|x86.Build.0 = Debug|Any CPU
		{8E1A4D39-7374-4F20-A90F-AB0834455865}.Release|Any CPU.ActiveCfg = Release|Any CPU
		{8E1A4D39-7374-4F20-A90F-AB0834455865}.Release|Any CPU.Build.0 = Release|Any CPU
		{8E1A4D39-7374-4F20-A90F-AB0834455865}.Release|x64.ActiveCfg = Release|Any CPU
		{8E1A4D39-7374-4F20-A90F-AB0834455865}.Release|x64.Build.0 = Release|Any CPU
		{8E1A4D39-7374-4F20-A90F-AB0834455865}.Release|x86.ActiveCfg = Release|Any CPU
		{8E1A4D39-7374-4F20-A90F-AB0834455865}.Release|x86.Build.0 = Release|Any CPU
		{5E08CA28-6AFF-4F2A-B851-34B4B94F3C14}.Debug|Any CPU.ActiveCfg = Debug|Any CPU
		{5E08CA28-6AFF-4F2A-B851-34B4B94F3C14}.Debug|Any CPU.Build.0 = Debug|Any CPU
		{5E08CA28-6AFF-4F2A-B851-34B4B94F3C14}.Debug|x64.ActiveCfg = Debug|Any CPU
		{5E08CA28-6AFF-4F2A-B851-34B4B94F3C14}.Debug|x64.Build.0 = Debug|Any CPU
		{5E08CA28-6AFF-4F2A-B851-34B4B94F3C14}.Debug|x86.ActiveCfg = Debug|Any CPU
		{5E08CA28-6AFF-4F2A-B851-34B4B94F3C14}.Debug|x86.Build.0 = Debug|Any CPU
		{5E08CA28-6AFF-4F2A-B851-34B4B94F3C14}.Release|Any CPU.ActiveCfg = Release|Any CPU
		{5E08CA28-6AFF-4F2A-B851-34B4B94F3C14}.Release|Any CPU.Build.0 = Release|Any CPU
		{5E08CA28-6AFF-4F2A-B851-34B4B94F3C14}.Release|x64.ActiveCfg = Release|Any CPU
		{5E08CA28-6AFF-4F2A-B851-34B4B94F3C14}.Release|x64.Build.0 = Release|Any CPU
		{5E08CA28-6AFF-4F2A-B851-34B4B94F3C14}.Release|x86.ActiveCfg = Release|Any CPU
		{5E08CA28-6AFF-4F2A-B851-34B4B94F3C14}.Release|x86.Build.0 = Release|Any CPU
		{A28251D2-FCD0-4D31-A695-A2EA4E26F4DB}.Debug|Any CPU.ActiveCfg = Debug|Any CPU
		{A28251D2-FCD0-4D31-A695-A2EA4E26F4DB}.Debug|Any CPU.Build.0 = Debug|Any CPU
		{A28251D2-FCD0-4D31-A695-A2EA4E26F4DB}.Debug|x64.ActiveCfg = Debug|Any CPU
		{A28251D2-FCD0-4D31-A695-A2EA4E26F4DB}.Debug|x64.Build.0 = Debug|Any CPU
		{A28251D2-FCD0-4D31-A695-A2EA4E26F4DB}.Debug|x86.ActiveCfg = Debug|Any CPU
		{A28251D2-FCD0-4D31-A695-A2EA4E26F4DB}.Debug|x86.Build.0 = Debug|Any CPU
		{A28251D2-FCD0-4D31-A695-A2EA4E26F4DB}.Release|Any CPU.ActiveCfg = Release|Any CPU
		{A28251D2-FCD0-4D31-A695-A2EA4E26F4DB}.Release|Any CPU.Build.0 = Release|Any CPU
		{A28251D2-FCD0-4D31-A695-A2EA4E26F4DB}.Release|x64.ActiveCfg = Release|Any CPU
		{A28251D2-FCD0-4D31-A695-A2EA4E26F4DB}.Release|x64.Build.0 = Release|Any CPU
		{A28251D2-FCD0-4D31-A695-A2EA4E26F4DB}.Release|x86.ActiveCfg = Release|Any CPU
		{A28251D2-FCD0-4D31-A695-A2EA4E26F4DB}.Release|x86.Build.0 = Release|Any CPU
		{76067D03-F3A1-8974-C1F0-9E956DA6C727}.Debug|Any CPU.ActiveCfg = Debug|Any CPU
		{76067D03-F3A1-8974-C1F0-9E956DA6C727}.Debug|Any CPU.Build.0 = Debug|Any CPU
		{76067D03-F3A1-8974-C1F0-9E956DA6C727}.Debug|x64.ActiveCfg = Debug|Any CPU
		{76067D03-F3A1-8974-C1F0-9E956DA6C727}.Debug|x64.Build.0 = Debug|Any CPU
		{76067D03-F3A1-8974-C1F0-9E956DA6C727}.Debug|x86.ActiveCfg = Debug|Any CPU
		{76067D03-F3A1-8974-C1F0-9E956DA6C727}.Debug|x86.Build.0 = Debug|Any CPU
		{76067D03-F3A1-8974-C1F0-9E956DA6C727}.Release|Any CPU.ActiveCfg = Release|Any CPU
		{76067D03-F3A1-8974-C1F0-9E956DA6C727}.Release|Any CPU.Build.0 = Release|Any CPU
		{76067D03-F3A1-8974-C1F0-9E956DA6C727}.Release|x64.ActiveCfg = Release|Any CPU
		{76067D03-F3A1-8974-C1F0-9E956DA6C727}.Release|x64.Build.0 = Release|Any CPU
		{76067D03-F3A1-8974-C1F0-9E956DA6C727}.Release|x86.ActiveCfg = Release|Any CPU
		{76067D03-F3A1-8974-C1F0-9E956DA6C727}.Release|x86.Build.0 = Release|Any CPU
		{C0082808-04B4-67FA-F633-C011C5E53664}.Debug|Any CPU.ActiveCfg = Debug|Any CPU
		{C0082808-04B4-67FA-F633-C011C5E53664}.Debug|Any CPU.Build.0 = Debug|Any CPU
		{C0082808-04B4-67FA-F633-C011C5E53664}.Debug|x64.ActiveCfg = Debug|Any CPU
		{C0082808-04B4-67FA-F633-C011C5E53664}.Debug|x64.Build.0 = Debug|Any CPU
		{C0082808-04B4-67FA-F633-C011C5E53664}.Debug|x86.ActiveCfg = Debug|Any CPU
		{C0082808-04B4-67FA-F633-C011C5E53664}.Debug|x86.Build.0 = Debug|Any CPU
		{C0082808-04B4-67FA-F633-C011C5E53664}.Release|Any CPU.ActiveCfg = Release|Any CPU
		{C0082808-04B4-67FA-F633-C011C5E53664}.Release|Any CPU.Build.0 = Release|Any CPU
		{C0082808-04B4-67FA-F633-C011C5E53664}.Release|x64.ActiveCfg = Release|Any CPU
		{C0082808-04B4-67FA-F633-C011C5E53664}.Release|x64.Build.0 = Release|Any CPU
		{C0082808-04B4-67FA-F633-C011C5E53664}.Release|x86.ActiveCfg = Release|Any CPU
		{C0082808-04B4-67FA-F633-C011C5E53664}.Release|x86.Build.0 = Release|Any CPU
		{19A1BF98-D3B9-D039-C4FE-A5E446A8B166}.Debug|Any CPU.ActiveCfg = Debug|Any CPU
		{19A1BF98-D3B9-D039-C4FE-A5E446A8B166}.Debug|Any CPU.Build.0 = Debug|Any CPU
		{19A1BF98-D3B9-D039-C4FE-A5E446A8B166}.Debug|x64.ActiveCfg = Debug|Any CPU
		{19A1BF98-D3B9-D039-C4FE-A5E446A8B166}.Debug|x64.Build.0 = Debug|Any CPU
		{19A1BF98-D3B9-D039-C4FE-A5E446A8B166}.Debug|x86.ActiveCfg = Debug|Any CPU
		{19A1BF98-D3B9-D039-C4FE-A5E446A8B166}.Debug|x86.Build.0 = Debug|Any CPU
		{19A1BF98-D3B9-D039-C4FE-A5E446A8B166}.Release|Any CPU.ActiveCfg = Release|Any CPU
		{19A1BF98-D3B9-D039-C4FE-A5E446A8B166}.Release|Any CPU.Build.0 = Release|Any CPU
		{19A1BF98-D3B9-D039-C4FE-A5E446A8B166}.Release|x64.ActiveCfg = Release|Any CPU
		{19A1BF98-D3B9-D039-C4FE-A5E446A8B166}.Release|x64.Build.0 = Release|Any CPU
		{19A1BF98-D3B9-D039-C4FE-A5E446A8B166}.Release|x86.ActiveCfg = Release|Any CPU
		{19A1BF98-D3B9-D039-C4FE-A5E446A8B166}.Release|x86.Build.0 = Release|Any CPU
		{280E8E56-3586-6983-5E73-2E6CA6118515}.Debug|Any CPU.ActiveCfg = Debug|Any CPU
		{280E8E56-3586-6983-5E73-2E6CA6118515}.Debug|Any CPU.Build.0 = Debug|Any CPU
		{280E8E56-3586-6983-5E73-2E6CA6118515}.Debug|x64.ActiveCfg = Debug|Any CPU
		{280E8E56-3586-6983-5E73-2E6CA6118515}.Debug|x64.Build.0 = Debug|Any CPU
		{280E8E56-3586-6983-5E73-2E6CA6118515}.Debug|x86.ActiveCfg = Debug|Any CPU
		{280E8E56-3586-6983-5E73-2E6CA6118515}.Debug|x86.Build.0 = Debug|Any CPU
		{280E8E56-3586-6983-5E73-2E6CA6118515}.Release|Any CPU.ActiveCfg = Release|Any CPU
		{280E8E56-3586-6983-5E73-2E6CA6118515}.Release|Any CPU.Build.0 = Release|Any CPU
		{280E8E56-3586-6983-5E73-2E6CA6118515}.Release|x64.ActiveCfg = Release|Any CPU
		{280E8E56-3586-6983-5E73-2E6CA6118515}.Release|x64.Build.0 = Release|Any CPU
		{280E8E56-3586-6983-5E73-2E6CA6118515}.Release|x86.ActiveCfg = Release|Any CPU
		{280E8E56-3586-6983-5E73-2E6CA6118515}.Release|x86.Build.0 = Release|Any CPU
		{B4CAF356-C543-E16D-832D-743EECCC72A0}.Debug|Any CPU.ActiveCfg = Debug|Any CPU
		{B4CAF356-C543-E16D-832D-743EECCC72A0}.Debug|Any CPU.Build.0 = Debug|Any CPU
		{B4CAF356-C543-E16D-832D-743EECCC72A0}.Debug|x64.ActiveCfg = Debug|Any CPU
		{B4CAF356-C543-E16D-832D-743EECCC72A0}.Debug|x64.Build.0 = Debug|Any CPU
		{B4CAF356-C543-E16D-832D-743EECCC72A0}.Debug|x86.ActiveCfg = Debug|Any CPU
		{B4CAF356-C543-E16D-832D-743EECCC72A0}.Debug|x86.Build.0 = Debug|Any CPU
		{B4CAF356-C543-E16D-832D-743EECCC72A0}.Release|Any CPU.ActiveCfg = Release|Any CPU
		{B4CAF356-C543-E16D-832D-743EECCC72A0}.Release|Any CPU.Build.0 = Release|Any CPU
		{B4CAF356-C543-E16D-832D-743EECCC72A0}.Release|x64.ActiveCfg = Release|Any CPU
		{B4CAF356-C543-E16D-832D-743EECCC72A0}.Release|x64.Build.0 = Release|Any CPU
		{B4CAF356-C543-E16D-832D-743EECCC72A0}.Release|x86.ActiveCfg = Release|Any CPU
		{B4CAF356-C543-E16D-832D-743EECCC72A0}.Release|x86.Build.0 = Release|Any CPU
		{2DE2A474-D099-1D0B-C027-408CB1DB7BB0}.Debug|Any CPU.ActiveCfg = Debug|Any CPU
		{2DE2A474-D099-1D0B-C027-408CB1DB7BB0}.Debug|Any CPU.Build.0 = Debug|Any CPU
		{2DE2A474-D099-1D0B-C027-408CB1DB7BB0}.Debug|x64.ActiveCfg = Debug|Any CPU
		{2DE2A474-D099-1D0B-C027-408CB1DB7BB0}.Debug|x64.Build.0 = Debug|Any CPU
		{2DE2A474-D099-1D0B-C027-408CB1DB7BB0}.Debug|x86.ActiveCfg = Debug|Any CPU
		{2DE2A474-D099-1D0B-C027-408CB1DB7BB0}.Debug|x86.Build.0 = Debug|Any CPU
		{2DE2A474-D099-1D0B-C027-408CB1DB7BB0}.Release|Any CPU.ActiveCfg = Release|Any CPU
		{2DE2A474-D099-1D0B-C027-408CB1DB7BB0}.Release|Any CPU.Build.0 = Release|Any CPU
		{2DE2A474-D099-1D0B-C027-408CB1DB7BB0}.Release|x64.ActiveCfg = Release|Any CPU
		{2DE2A474-D099-1D0B-C027-408CB1DB7BB0}.Release|x64.Build.0 = Release|Any CPU
		{2DE2A474-D099-1D0B-C027-408CB1DB7BB0}.Release|x86.ActiveCfg = Release|Any CPU
		{2DE2A474-D099-1D0B-C027-408CB1DB7BB0}.Release|x86.Build.0 = Release|Any CPU
		{422A8D8B-14EF-323E-B445-947EC2E0C523}.Debug|Any CPU.ActiveCfg = Debug|Any CPU
		{422A8D8B-14EF-323E-B445-947EC2E0C523}.Debug|Any CPU.Build.0 = Debug|Any CPU
		{422A8D8B-14EF-323E-B445-947EC2E0C523}.Debug|x64.ActiveCfg = Debug|Any CPU
		{422A8D8B-14EF-323E-B445-947EC2E0C523}.Debug|x64.Build.0 = Debug|Any CPU
		{422A8D8B-14EF-323E-B445-947EC2E0C523}.Debug|x86.ActiveCfg = Debug|Any CPU
		{422A8D8B-14EF-323E-B445-947EC2E0C523}.Debug|x86.Build.0 = Debug|Any CPU
		{422A8D8B-14EF-323E-B445-947EC2E0C523}.Release|Any CPU.ActiveCfg = Release|Any CPU
		{422A8D8B-14EF-323E-B445-947EC2E0C523}.Release|Any CPU.Build.0 = Release|Any CPU
		{422A8D8B-14EF-323E-B445-947EC2E0C523}.Release|x64.ActiveCfg = Release|Any CPU
		{422A8D8B-14EF-323E-B445-947EC2E0C523}.Release|x64.Build.0 = Release|Any CPU
		{422A8D8B-14EF-323E-B445-947EC2E0C523}.Release|x86.ActiveCfg = Release|Any CPU
		{422A8D8B-14EF-323E-B445-947EC2E0C523}.Release|x86.Build.0 = Release|Any CPU
		{F4D05BF8-FF8E-A163-39BC-0546C7C66B51}.Debug|Any CPU.ActiveCfg = Debug|Any CPU
		{F4D05BF8-FF8E-A163-39BC-0546C7C66B51}.Debug|Any CPU.Build.0 = Debug|Any CPU
		{F4D05BF8-FF8E-A163-39BC-0546C7C66B51}.Debug|x64.ActiveCfg = Debug|Any CPU
		{F4D05BF8-FF8E-A163-39BC-0546C7C66B51}.Debug|x64.Build.0 = Debug|Any CPU
		{F4D05BF8-FF8E-A163-39BC-0546C7C66B51}.Debug|x86.ActiveCfg = Debug|Any CPU
		{F4D05BF8-FF8E-A163-39BC-0546C7C66B51}.Debug|x86.Build.0 = Debug|Any CPU
		{F4D05BF8-FF8E-A163-39BC-0546C7C66B51}.Release|Any CPU.ActiveCfg = Release|Any CPU
		{F4D05BF8-FF8E-A163-39BC-0546C7C66B51}.Release|Any CPU.Build.0 = Release|Any CPU
		{F4D05BF8-FF8E-A163-39BC-0546C7C66B51}.Release|x64.ActiveCfg = Release|Any CPU
		{F4D05BF8-FF8E-A163-39BC-0546C7C66B51}.Release|x64.Build.0 = Release|Any CPU
		{F4D05BF8-FF8E-A163-39BC-0546C7C66B51}.Release|x86.ActiveCfg = Release|Any CPU
		{F4D05BF8-FF8E-A163-39BC-0546C7C66B51}.Release|x86.Build.0 = Release|Any CPU
		{91348847-C785-77C7-1555-31922D0B5DE0}.Debug|Any CPU.ActiveCfg = Debug|Any CPU
		{91348847-C785-77C7-1555-31922D0B5DE0}.Debug|Any CPU.Build.0 = Debug|Any CPU
		{91348847-C785-77C7-1555-31922D0B5DE0}.Debug|x64.ActiveCfg = Debug|Any CPU
		{91348847-C785-77C7-1555-31922D0B5DE0}.Debug|x64.Build.0 = Debug|Any CPU
		{91348847-C785-77C7-1555-31922D0B5DE0}.Debug|x86.ActiveCfg = Debug|Any CPU
		{91348847-C785-77C7-1555-31922D0B5DE0}.Debug|x86.Build.0 = Debug|Any CPU
		{91348847-C785-77C7-1555-31922D0B5DE0}.Release|Any CPU.ActiveCfg = Release|Any CPU
		{91348847-C785-77C7-1555-31922D0B5DE0}.Release|Any CPU.Build.0 = Release|Any CPU
		{91348847-C785-77C7-1555-31922D0B5DE0}.Release|x64.ActiveCfg = Release|Any CPU
		{91348847-C785-77C7-1555-31922D0B5DE0}.Release|x64.Build.0 = Release|Any CPU
		{91348847-C785-77C7-1555-31922D0B5DE0}.Release|x86.ActiveCfg = Release|Any CPU
		{91348847-C785-77C7-1555-31922D0B5DE0}.Release|x86.Build.0 = Release|Any CPU
		{F61EB421-F582-0052-81D8-9040EDCE40B0}.Debug|Any CPU.ActiveCfg = Debug|Any CPU
		{F61EB421-F582-0052-81D8-9040EDCE40B0}.Debug|Any CPU.Build.0 = Debug|Any CPU
		{F61EB421-F582-0052-81D8-9040EDCE40B0}.Debug|x64.ActiveCfg = Debug|Any CPU
		{F61EB421-F582-0052-81D8-9040EDCE40B0}.Debug|x64.Build.0 = Debug|Any CPU
		{F61EB421-F582-0052-81D8-9040EDCE40B0}.Debug|x86.ActiveCfg = Debug|Any CPU
		{F61EB421-F582-0052-81D8-9040EDCE40B0}.Debug|x86.Build.0 = Debug|Any CPU
		{F61EB421-F582-0052-81D8-9040EDCE40B0}.Release|Any CPU.ActiveCfg = Release|Any CPU
		{F61EB421-F582-0052-81D8-9040EDCE40B0}.Release|Any CPU.Build.0 = Release|Any CPU
		{F61EB421-F582-0052-81D8-9040EDCE40B0}.Release|x64.ActiveCfg = Release|Any CPU
		{F61EB421-F582-0052-81D8-9040EDCE40B0}.Release|x64.Build.0 = Release|Any CPU
		{F61EB421-F582-0052-81D8-9040EDCE40B0}.Release|x86.ActiveCfg = Release|Any CPU
		{F61EB421-F582-0052-81D8-9040EDCE40B0}.Release|x86.Build.0 = Release|Any CPU
		{0CB29C56-21D8-E674-AF85-45009004334B}.Debug|Any CPU.ActiveCfg = Debug|Any CPU
		{0CB29C56-21D8-E674-AF85-45009004334B}.Debug|Any CPU.Build.0 = Debug|Any CPU
		{0CB29C56-21D8-E674-AF85-45009004334B}.Debug|x64.ActiveCfg = Debug|Any CPU
		{0CB29C56-21D8-E674-AF85-45009004334B}.Debug|x64.Build.0 = Debug|Any CPU
		{0CB29C56-21D8-E674-AF85-45009004334B}.Debug|x86.ActiveCfg = Debug|Any CPU
		{0CB29C56-21D8-E674-AF85-45009004334B}.Debug|x86.Build.0 = Debug|Any CPU
		{0CB29C56-21D8-E674-AF85-45009004334B}.Release|Any CPU.ActiveCfg = Release|Any CPU
		{0CB29C56-21D8-E674-AF85-45009004334B}.Release|Any CPU.Build.0 = Release|Any CPU
		{0CB29C56-21D8-E674-AF85-45009004334B}.Release|x64.ActiveCfg = Release|Any CPU
		{0CB29C56-21D8-E674-AF85-45009004334B}.Release|x64.Build.0 = Release|Any CPU
		{0CB29C56-21D8-E674-AF85-45009004334B}.Release|x86.ActiveCfg = Release|Any CPU
		{0CB29C56-21D8-E674-AF85-45009004334B}.Release|x86.Build.0 = Release|Any CPU
		{64D3F8BB-1386-454C-98AF-8A1F2AEA52B5}.Debug|Any CPU.ActiveCfg = Debug|Any CPU
		{64D3F8BB-1386-454C-98AF-8A1F2AEA52B5}.Debug|Any CPU.Build.0 = Debug|Any CPU
		{64D3F8BB-1386-454C-98AF-8A1F2AEA52B5}.Debug|x64.ActiveCfg = Debug|Any CPU
		{64D3F8BB-1386-454C-98AF-8A1F2AEA52B5}.Debug|x64.Build.0 = Debug|Any CPU
		{64D3F8BB-1386-454C-98AF-8A1F2AEA52B5}.Debug|x86.ActiveCfg = Debug|Any CPU
		{64D3F8BB-1386-454C-98AF-8A1F2AEA52B5}.Debug|x86.Build.0 = Debug|Any CPU
		{64D3F8BB-1386-454C-98AF-8A1F2AEA52B5}.Release|Any CPU.ActiveCfg = Release|Any CPU
		{64D3F8BB-1386-454C-98AF-8A1F2AEA52B5}.Release|Any CPU.Build.0 = Release|Any CPU
		{64D3F8BB-1386-454C-98AF-8A1F2AEA52B5}.Release|x64.ActiveCfg = Release|Any CPU
		{64D3F8BB-1386-454C-98AF-8A1F2AEA52B5}.Release|x64.Build.0 = Release|Any CPU
		{64D3F8BB-1386-454C-98AF-8A1F2AEA52B5}.Release|x86.ActiveCfg = Release|Any CPU
		{64D3F8BB-1386-454C-98AF-8A1F2AEA52B5}.Release|x86.Build.0 = Release|Any CPU
		{A24B0E03-7AC6-4870-9812-661EA4247748}.Debug|Any CPU.ActiveCfg = Debug|Any CPU
		{A24B0E03-7AC6-4870-9812-661EA4247748}.Debug|Any CPU.Build.0 = Debug|Any CPU
		{A24B0E03-7AC6-4870-9812-661EA4247748}.Debug|x64.ActiveCfg = Debug|Any CPU
		{A24B0E03-7AC6-4870-9812-661EA4247748}.Debug|x64.Build.0 = Debug|Any CPU
		{A24B0E03-7AC6-4870-9812-661EA4247748}.Debug|x86.ActiveCfg = Debug|Any CPU
		{A24B0E03-7AC6-4870-9812-661EA4247748}.Debug|x86.Build.0 = Debug|Any CPU
		{A24B0E03-7AC6-4870-9812-661EA4247748}.Release|Any CPU.ActiveCfg = Release|Any CPU
		{A24B0E03-7AC6-4870-9812-661EA4247748}.Release|Any CPU.Build.0 = Release|Any CPU
		{A24B0E03-7AC6-4870-9812-661EA4247748}.Release|x64.ActiveCfg = Release|Any CPU
		{A24B0E03-7AC6-4870-9812-661EA4247748}.Release|x64.Build.0 = Release|Any CPU
		{A24B0E03-7AC6-4870-9812-661EA4247748}.Release|x86.ActiveCfg = Release|Any CPU
		{A24B0E03-7AC6-4870-9812-661EA4247748}.Release|x86.Build.0 = Release|Any CPU
		{B21741CF-6A1E-F9AE-14C5-71C93D981947}.Debug|Any CPU.ActiveCfg = Debug|Any CPU
		{B21741CF-6A1E-F9AE-14C5-71C93D981947}.Debug|Any CPU.Build.0 = Debug|Any CPU
		{B21741CF-6A1E-F9AE-14C5-71C93D981947}.Debug|x64.ActiveCfg = Debug|Any CPU
		{B21741CF-6A1E-F9AE-14C5-71C93D981947}.Debug|x64.Build.0 = Debug|Any CPU
		{B21741CF-6A1E-F9AE-14C5-71C93D981947}.Debug|x86.ActiveCfg = Debug|Any CPU
		{B21741CF-6A1E-F9AE-14C5-71C93D981947}.Debug|x86.Build.0 = Debug|Any CPU
		{B21741CF-6A1E-F9AE-14C5-71C93D981947}.Release|Any CPU.ActiveCfg = Release|Any CPU
		{B21741CF-6A1E-F9AE-14C5-71C93D981947}.Release|Any CPU.Build.0 = Release|Any CPU
		{B21741CF-6A1E-F9AE-14C5-71C93D981947}.Release|x64.ActiveCfg = Release|Any CPU
		{B21741CF-6A1E-F9AE-14C5-71C93D981947}.Release|x64.Build.0 = Release|Any CPU
		{B21741CF-6A1E-F9AE-14C5-71C93D981947}.Release|x86.ActiveCfg = Release|Any CPU
		{B21741CF-6A1E-F9AE-14C5-71C93D981947}.Release|x86.Build.0 = Release|Any CPU
		{B469420E-2F6D-D91C-5021-2A96E33E638E}.Debug|Any CPU.ActiveCfg = Debug|Any CPU
		{B469420E-2F6D-D91C-5021-2A96E33E638E}.Debug|Any CPU.Build.0 = Debug|Any CPU
		{B469420E-2F6D-D91C-5021-2A96E33E638E}.Debug|x64.ActiveCfg = Debug|Any CPU
		{B469420E-2F6D-D91C-5021-2A96E33E638E}.Debug|x64.Build.0 = Debug|Any CPU
		{B469420E-2F6D-D91C-5021-2A96E33E638E}.Debug|x86.ActiveCfg = Debug|Any CPU
		{B469420E-2F6D-D91C-5021-2A96E33E638E}.Debug|x86.Build.0 = Debug|Any CPU
		{B469420E-2F6D-D91C-5021-2A96E33E638E}.Release|Any CPU.ActiveCfg = Release|Any CPU
		{B469420E-2F6D-D91C-5021-2A96E33E638E}.Release|Any CPU.Build.0 = Release|Any CPU
		{B469420E-2F6D-D91C-5021-2A96E33E638E}.Release|x64.ActiveCfg = Release|Any CPU
		{B469420E-2F6D-D91C-5021-2A96E33E638E}.Release|x64.Build.0 = Release|Any CPU
		{B469420E-2F6D-D91C-5021-2A96E33E638E}.Release|x86.ActiveCfg = Release|Any CPU
		{B469420E-2F6D-D91C-5021-2A96E33E638E}.Release|x86.Build.0 = Release|Any CPU
		{094F9423-595D-5189-0923-9017F2723250}.Debug|Any CPU.ActiveCfg = Debug|Any CPU
		{094F9423-595D-5189-0923-9017F2723250}.Debug|Any CPU.Build.0 = Debug|Any CPU
		{094F9423-595D-5189-0923-9017F2723250}.Debug|x64.ActiveCfg = Debug|Any CPU
		{094F9423-595D-5189-0923-9017F2723250}.Debug|x64.Build.0 = Debug|Any CPU
		{094F9423-595D-5189-0923-9017F2723250}.Debug|x86.ActiveCfg = Debug|Any CPU
		{094F9423-595D-5189-0923-9017F2723250}.Debug|x86.Build.0 = Debug|Any CPU
		{094F9423-595D-5189-0923-9017F2723250}.Release|Any CPU.ActiveCfg = Release|Any CPU
		{094F9423-595D-5189-0923-9017F2723250}.Release|Any CPU.Build.0 = Release|Any CPU
		{094F9423-595D-5189-0923-9017F2723250}.Release|x64.ActiveCfg = Release|Any CPU
		{094F9423-595D-5189-0923-9017F2723250}.Release|x64.Build.0 = Release|Any CPU
		{094F9423-595D-5189-0923-9017F2723250}.Release|x86.ActiveCfg = Release|Any CPU
		{094F9423-595D-5189-0923-9017F2723250}.Release|x86.Build.0 = Release|Any CPU
		{FF355B36-4662-96AC-95AD-1708C9469020}.Debug|Any CPU.ActiveCfg = Debug|Any CPU
		{FF355B36-4662-96AC-95AD-1708C9469020}.Debug|Any CPU.Build.0 = Debug|Any CPU
		{FF355B36-4662-96AC-95AD-1708C9469020}.Debug|x64.ActiveCfg = Debug|Any CPU
		{FF355B36-4662-96AC-95AD-1708C9469020}.Debug|x64.Build.0 = Debug|Any CPU
		{FF355B36-4662-96AC-95AD-1708C9469020}.Debug|x86.ActiveCfg = Debug|Any CPU
		{FF355B36-4662-96AC-95AD-1708C9469020}.Debug|x86.Build.0 = Debug|Any CPU
		{FF355B36-4662-96AC-95AD-1708C9469020}.Release|Any CPU.ActiveCfg = Release|Any CPU
		{FF355B36-4662-96AC-95AD-1708C9469020}.Release|Any CPU.Build.0 = Release|Any CPU
		{FF355B36-4662-96AC-95AD-1708C9469020}.Release|x64.ActiveCfg = Release|Any CPU
		{FF355B36-4662-96AC-95AD-1708C9469020}.Release|x64.Build.0 = Release|Any CPU
		{FF355B36-4662-96AC-95AD-1708C9469020}.Release|x86.ActiveCfg = Release|Any CPU
		{FF355B36-4662-96AC-95AD-1708C9469020}.Release|x86.Build.0 = Release|Any CPU
		{6F7EFFC0-DDEE-38D7-E4A7-E0FC4D15B850}.Debug|Any CPU.ActiveCfg = Debug|Any CPU
		{6F7EFFC0-DDEE-38D7-E4A7-E0FC4D15B850}.Debug|Any CPU.Build.0 = Debug|Any CPU
		{6F7EFFC0-DDEE-38D7-E4A7-E0FC4D15B850}.Debug|x64.ActiveCfg = Debug|Any CPU
		{6F7EFFC0-DDEE-38D7-E4A7-E0FC4D15B850}.Debug|x64.Build.0 = Debug|Any CPU
		{6F7EFFC0-DDEE-38D7-E4A7-E0FC4D15B850}.Debug|x86.ActiveCfg = Debug|Any CPU
		{6F7EFFC0-DDEE-38D7-E4A7-E0FC4D15B850}.Debug|x86.Build.0 = Debug|Any CPU
		{6F7EFFC0-DDEE-38D7-E4A7-E0FC4D15B850}.Release|Any CPU.ActiveCfg = Release|Any CPU
		{6F7EFFC0-DDEE-38D7-E4A7-E0FC4D15B850}.Release|Any CPU.Build.0 = Release|Any CPU
		{6F7EFFC0-DDEE-38D7-E4A7-E0FC4D15B850}.Release|x64.ActiveCfg = Release|Any CPU
		{6F7EFFC0-DDEE-38D7-E4A7-E0FC4D15B850}.Release|x64.Build.0 = Release|Any CPU
		{6F7EFFC0-DDEE-38D7-E4A7-E0FC4D15B850}.Release|x86.ActiveCfg = Release|Any CPU
		{6F7EFFC0-DDEE-38D7-E4A7-E0FC4D15B850}.Release|x86.Build.0 = Release|Any CPU
		{8C4B1525-74B7-3F86-09A5-2C8D1B5CB7A3}.Debug|Any CPU.ActiveCfg = Debug|Any CPU
		{8C4B1525-74B7-3F86-09A5-2C8D1B5CB7A3}.Debug|Any CPU.Build.0 = Debug|Any CPU
		{8C4B1525-74B7-3F86-09A5-2C8D1B5CB7A3}.Debug|x64.ActiveCfg = Debug|Any CPU
		{8C4B1525-74B7-3F86-09A5-2C8D1B5CB7A3}.Debug|x64.Build.0 = Debug|Any CPU
		{8C4B1525-74B7-3F86-09A5-2C8D1B5CB7A3}.Debug|x86.ActiveCfg = Debug|Any CPU
		{8C4B1525-74B7-3F86-09A5-2C8D1B5CB7A3}.Debug|x86.Build.0 = Debug|Any CPU
		{8C4B1525-74B7-3F86-09A5-2C8D1B5CB7A3}.Release|Any CPU.ActiveCfg = Release|Any CPU
		{8C4B1525-74B7-3F86-09A5-2C8D1B5CB7A3}.Release|Any CPU.Build.0 = Release|Any CPU
		{8C4B1525-74B7-3F86-09A5-2C8D1B5CB7A3}.Release|x64.ActiveCfg = Release|Any CPU
		{8C4B1525-74B7-3F86-09A5-2C8D1B5CB7A3}.Release|x64.Build.0 = Release|Any CPU
		{8C4B1525-74B7-3F86-09A5-2C8D1B5CB7A3}.Release|x86.ActiveCfg = Release|Any CPU
		{8C4B1525-74B7-3F86-09A5-2C8D1B5CB7A3}.Release|x86.Build.0 = Release|Any CPU
	EndGlobalSection
	GlobalSection(SolutionProperties) = preSolution
		HideSolutionNode = FALSE
	EndGlobalSection
	GlobalSection(NestedProjects) = preSolution
		{9B62ADDD-7ED5-4833-ACE1-5FC9FAAC5EA7} = {02EA681E-C7D8-13C7-8484-4AC65E1B71E8}
		{B32C493A-6964-478E-9A81-A5E4159C3DFA} = {02EA681E-C7D8-13C7-8484-4AC65E1B71E8}
		{EAD105DF-FAFA-45BD-A050-74FC6F22A2AF} = {02EA681E-C7D8-13C7-8484-4AC65E1B71E8}
		{D07E1492-EF5D-436A-AFD0-3A6220EA7955} = {02EA681E-C7D8-13C7-8484-4AC65E1B71E8}
		{8E1A4D39-7374-4F20-A90F-AB0834455865} = {02EA681E-C7D8-13C7-8484-4AC65E1B71E8}
		{5E08CA28-6AFF-4F2A-B851-34B4B94F3C14} = {02EA681E-C7D8-13C7-8484-4AC65E1B71E8}
		{A28251D2-FCD0-4D31-A695-A2EA4E26F4DB} = {02EA681E-C7D8-13C7-8484-4AC65E1B71E8}
		{76067D03-F3A1-8974-C1F0-9E956DA6C727} = {561496CC-8045-43C0-BC28-37C12F329F1A}
		{C0082808-04B4-67FA-F633-C011C5E53664} = {561496CC-8045-43C0-BC28-37C12F329F1A}
		{19A1BF98-D3B9-D039-C4FE-A5E446A8B166} = {561496CC-8045-43C0-BC28-37C12F329F1A}
		{280E8E56-3586-6983-5E73-2E6CA6118515} = {561496CC-8045-43C0-BC28-37C12F329F1A}
		{B4CAF356-C543-E16D-832D-743EECCC72A0} = {561496CC-8045-43C0-BC28-37C12F329F1A}
		{2DE2A474-D099-1D0B-C027-408CB1DB7BB0} = {561496CC-8045-43C0-BC28-37C12F329F1A}
		{422A8D8B-14EF-323E-B445-947EC2E0C523} = {9DD92C5F-4D4C-46F5-B750-FB7784F59D33}
		{F4D05BF8-FF8E-A163-39BC-0546C7C66B51} = {9DD92C5F-4D4C-46F5-B750-FB7784F59D33}
		{91348847-C785-77C7-1555-31922D0B5DE0} = {9DD92C5F-4D4C-46F5-B750-FB7784F59D33}
		{F61EB421-F582-0052-81D8-9040EDCE40B0} = {9DD92C5F-4D4C-46F5-B750-FB7784F59D33}
		{0CB29C56-21D8-E674-AF85-45009004334B} = {9DD92C5F-4D4C-46F5-B750-FB7784F59D33}
		{64D3F8BB-1386-454C-98AF-8A1F2AEA52B5} = {8E2A4D8F-B745-428F-8A8C-C6B553272D5F}
		{B21741CF-6A1E-F9AE-14C5-71C93D981947} = {2BD1886B-BB69-4018-87B7-A1CE04052956}
		{B469420E-2F6D-D91C-5021-2A96E33E638E} = {2BD1886B-BB69-4018-87B7-A1CE04052956}
		{094F9423-595D-5189-0923-9017F2723250} = {2BD1886B-BB69-4018-87B7-A1CE04052956}
		{FF355B36-4662-96AC-95AD-1708C9469020} = {2BD1886B-BB69-4018-87B7-A1CE04052956}
		{6F7EFFC0-DDEE-38D7-E4A7-E0FC4D15B850} = {2BD1886B-BB69-4018-87B7-A1CE04052956}
		{8C4B1525-74B7-3F86-09A5-2C8D1B5CB7A3} = {2BD1886B-BB69-4018-87B7-A1CE04052956}
		{AA71F6EB-F315-450B-816E-4F4FAD3AEC1F} = {1FD2E9CA-FC19-4B78-987D-BF47E07DEA14}
		{17BB1DF9-1A3C-471B-A2BE-B4D77F6507DB} = {1FD2E9CA-FC19-4B78-987D-BF47E07DEA14}
	EndGlobalSection
	GlobalSection(ExtensibilityGlobals) = postSolution
		SolutionGuid = {7A412556-0496-448F-A1E2-EE73A2968C41}
	EndGlobalSection
	GlobalSection(SharedMSBuildProjectFiles) = preSolution
		Shared.EntityFramework\Shared.EntityFramework.projitems*{094f9423-595d-5189-0923-9017f2723250}*SharedItemsImports = 5
		Shared\Shared.Contracts\Shared.Contracts.projitems*{094f9423-595d-5189-0923-9017f2723250}*SharedItemsImports = 5
		Shared.EntityFramework\Shared.EntityFramework.projitems*{17bb1df9-1a3c-471b-a2be-b4d77f6507db}*SharedItemsImports = 13
		Shared.EntityFramework\Shared.EntityFramework.projitems*{280e8e56-3586-6983-5e73-2e6ca6118515}*SharedItemsImports = 5
		Shared\Shared.Contracts\Shared.Contracts.projitems*{280e8e56-3586-6983-5e73-2e6ca6118515}*SharedItemsImports = 5
		Shared\Shared.Contracts\Shared.Contracts.projitems*{64d3f8bb-1386-454c-98af-8a1f2aea52b5}*SharedItemsImports = 5
		Shared.EntityFramework\Shared.EntityFramework.projitems*{a28251d2-fcd0-4d31-a695-a2ea4e26f4db}*SharedItemsImports = 5
		Shared\Shared.Contracts\Shared.Contracts.projitems*{a28251d2-fcd0-4d31-a695-a2ea4e26f4db}*SharedItemsImports = 5
		Shared\Shared.Contracts\Shared.Contracts.projitems*{aa71f6eb-f315-450b-816e-4f4fad3aec1f}*SharedItemsImports = 13
		Shared.EntityFramework\Shared.EntityFramework.projitems*{f61eb421-f582-0052-81d8-9040edce40b0}*SharedItemsImports = 5
		Shared\Shared.Contracts\Shared.Contracts.projitems*{f61eb421-f582-0052-81d8-9040edce40b0}*SharedItemsImports = 5
	EndGlobalSection
EndGlobal
